
Microsoft Visual Studio Solution File, Format Version 12.00
# Visual Studio Version 17
VisualStudioVersion = 17.4.33205.214
MinimumVisualStudioVersion = 10.0.40219.1
Project("{FAE04EC0-301F-11D3-BF4B-00C04F79EFBC}") = "ConsoleApp1", "ConsoleApp1.csproj", "{D3F3AB76-FF07-4A62-9574-C59C68CEC166}"
EndProject
Global
	GlobalSection(SolutionConfigurationPlatforms) = preSolution
		Debug|Any CPU = Debug|Any CPU
		Release|Any CPU = Release|Any CPU
	EndGlobalSection
	GlobalSection(ProjectConfigurationPlatforms) = postSolution
		{D3F3AB76-FF07-4A62-9574-C59C68CEC166}.Debug|Any CPU.ActiveCfg = Debug|Any CPU
		{D3F3AB76-FF07-4A62-9574-C59C68CEC166}.Debug|Any CPU.Build.0 = Debug|Any CPU
		{D3F3AB76-FF07-4A62-9574-C59C68CEC166}.Release|Any CPU.ActiveCfg = Release|Any CPU
		{D3F3AB76-FF07-4A62-9574-C59C68CEC166}.Release|Any CPU.Build.0 = Release|Any CPU
	EndGlobalSection
	GlobalSection(SolutionProperties) = preSolution
		HideSolutionNode = FALSE
	EndGlobalSection
	GlobalSection(ExtensibilityGlobals) = postSolution
		SolutionGuid = {47313185-A1C1-42C4-BB00-B529373FFD60}
	EndGlobalSection
EndGlobal
